github.com/fabiorodrigues/gostructure v0.0.0-20190616155806-660fbadc3343 h1:VfgOu/f46ZutmQtaDL+I8+O4waeGAKCL6exPsiXStN8=
github.com/fabiorodrigues/gostructure v0.0.0-20190616162901-f80bd49662ce h1:qMEZPtdGFWb36qCIiGbRQlP6/E6qjJ6K3pHME9n/Y24=
github.com/fabiorodrigues/gostructure v0.0.0-20190616162954-c40c83341fe6 h1:qEpvYiUUaEhRV3e7Z8nu+dvDI7LT/KPfRWP5T03FeGY=
